{
  "requires": true,
  "lockfileVersion": 1,
  "dependencies": {
    "@jest/types": {
      "version": "25.1.0",
      "resolved": "https://registry.npm.taobao.org/@jest/types/download/@jest/types-25.1.0.tgz",
      "integrity": "sha1-smgxkW8NfDgeEdu14QOnKu0bQ5U=",
      "requires": {
        "@types/istanbul-lib-coverage": "^2.0.0",
        "@types/istanbul-reports": "^1.1.1",
        "@types/yargs": "^15.0.0",
        "chalk": "^3.0.0"
      }
    },
    "@types/color-name": {
      "version": "1.1.1",
      "resolved": "https://registry.npm.taobao.org/@types/color-name/download/@types/color-name-1.1.1.tgz",
      "integrity": "sha1-HBJhu+qhCoBVu8XYq4S3sq/IRqA="
    },
    "@types/istanbul-lib-coverage": {
      "version": "2.0.1",
      "resolved": "https://registry.npm.taobao.org/@types/istanbul-lib-coverage/download/@types/istanbul-lib-coverage-2.0.1.tgz",
      "integrity": "sha1-QplbRG25pIoRoH7Ag0mahg6ROP8="
    },
    "@types/istanbul-lib-report": {
      "version": "3.0.0",
      "resolved": "https://registry.npm.taobao.org/@types/istanbul-lib-report/download/@types/istanbul-lib-report-3.0.0.tgz",
      "integrity": "sha1-wUwk8Y6oGQwRjudWK3/5mjZVJoY=",
      "requires": {
        "@types/istanbul-lib-coverage": "*"
      }
    },
    "@types/istanbul-reports": {
      "version": "1.1.1",
      "resolved": "https://registry.npm.taobao.org/@types/istanbul-reports/download/@types/istanbul-reports-1.1.1.tgz",
      "integrity": "sha1-eoy/akBvNsit2HFiWyeOrwsNJVo=",
      "requires": {
        "@types/istanbul-lib-coverage": "*",
        "@types/istanbul-lib-report": "*"
      }
    },
    "@types/jest": {
      "version": "25.1.1",
      "resolved": "https://registry.npm.taobao.org/@types/jest/download/@types/jest-25.1.1.tgz",
      "integrity": "sha1-3PZajuMVuRrTnA01iuDdxWAqsOk=",
      "requires": {
        "jest-diff": "^25.1.0",
        "pretty-format": "^25.1.0"
      }
    },
    "@types/node": {
      "version": "13.5.2",
      "resolved": "https://registry.npm.taobao.org/@types/node/download/@types/node-13.5.2.tgz",
      "integrity": "sha1-PeU7Vf0578QoqQGg9tsx92HPoTE="
    },
    "@types/prop-types": {
      "version": "15.7.3",
      "resolved": "https://registry.npm.taobao.org/@types/prop-types/download/@types/prop-types-15.7.3.tgz?cache=0&sync_timestamp=1572464318358&other_urls=https%3A%2F%2Fregistry.npm.taobao.org%2F%40types%2Fprop-types%2Fdownload%2F%40types%2Fprop-types-15.7.3.tgz",
      "integrity": "sha1-KrDV2i5YFflLC51LldHl8kOrLKc="
    },
    "@types/react": {
      "version": "16.9.19",
      "resolved": "https://registry.npm.taobao.org/@types/react/download/@types/react-16.9.19.tgz?cache=0&sync_timestamp=1579717961798&other_urls=https%3A%2F%2Fregistry.npm.taobao.org%2F%40types%2Freact%2Fdownload%2F%40types%2Freact-16.9.19.tgz",
      "integrity": "sha1-yEKqg+pJAAfSmTgUb/Lk2eQ2DEA=",
      "requires": {
        "@types/prop-types": "*",
        "csstype": "^2.2.0"
      }
    },
    "@types/react-dom": {
      "version": "16.9.5",
      "resolved": "https://registry.npm.taobao.org/@types/react-dom/download/@types/react-dom-16.9.5.tgz",
      "integrity": "sha1-XeYQsEo10H/9j0TtrZOnEDLZqqc=",
      "requires": {
        "@types/react": "*"
      }
    },
    "@types/yargs": {
      "version": "15.0.2",
      "resolved": "https://registry.npm.taobao.org/@types/yargs/download/@types/yargs-15.0.2.tgz",
      "integrity": "sha1-C/KSoDaUk87gMOLk9P+E9ZgrAo0=",
      "requires": {
        "@types/yargs-parser": "*"
      }
    },
    "@types/yargs-parser": {
      "version": "15.0.0",
      "resolved": "https://registry.npm.taobao.org/@types/yargs-parser/download/@types/yargs-parser-15.0.0.tgz",
      "integrity": "sha1-yz+fdBhp4gzOMw/765JxWQSDiC0="
    },
    "ansi-regex": {
      "version": "5.0.0",
      "resolved": "https://registry.npm.taobao.org/ansi-regex/download/ansi-regex-5.0.0.tgz",
      "integrity": "sha1-OIU59VF5vzkznIGvMKZU1p+Hy3U="
    },
    "ansi-styles": {
      "version": "4.2.1",
      "resolved": "https://registry.npm.taobao.org/ansi-styles/download/ansi-styles-4.2.1.tgz?cache=0&other_urls=https%3A%2F%2Fregistry.npm.taobao.org%2Fansi-styles%2Fdownload%2Fansi-styles-4.2.1.tgz",
      "integrity": "sha1-kK51xCTQCNJiTFvynq0xd+v881k=",
      "requires": {
        "@types/color-name": "^1.1.1",
        "color-convert": "^2.0.1"
      }
    },
    "chalk": {
      "version": "3.0.0",
      "resolved": "https://registry.npm.taobao.org/chalk/download/chalk-3.0.0.tgz?cache=0&sync_timestamp=1573282949696&other_urls=https%3A%2F%2Fregistry.npm.taobao.org%2Fchalk%2Fdownload%2Fchalk-3.0.0.tgz",
      "integrity": "sha1-P3PCv1JlkfV0zEksUeJFY0n4ROQ=",
      "requires": {
        "ansi-styles": "^4.1.0",
        "supports-color": "^7.1.0"
      }
    },
    "color-convert": {
      "version": "2.0.1",
      "resolved": "https://registry.npm.taobao.org/color-convert/download/color-convert-2.0.1.tgz",
      "integrity": "sha1-ctOmjVmMm9s68q0ehPIdiWq9TeM=",
      "requires": {
        "color-name": "~1.1.4"
      }
    },
    "color-name": {
      "version": "1.1.4",
      "resolved": "http://registry.npm.taobao.org/color-name/download/color-name-1.1.4.tgz",
      "integrity": "sha1-wqCah6y95pVD3m9j+jmVyCbFNqI="
    },
    "csstype": {
      "version": "2.6.8",
      "resolved": "https://registry.npm.taobao.org/csstype/download/csstype-2.6.8.tgz?cache=0&other_urls=https%3A%2F%2Fregistry.npm.taobao.org%2Fcsstype%2Fdownload%2Fcsstype-2.6.8.tgz",
      "integrity": "sha1-D7b8JBf/0oFqQYyTNtp01/B9tDE="
    },
    "diff-sequences": {
      "version": "25.1.0",
      "resolved": "https://registry.npm.taobao.org/diff-sequences/download/diff-sequences-25.1.0.tgz",
      "integrity": "sha1-/SmkbxyRP9ZsImRdx1v/vkMFHzI="
    },
    "has-flag": {
      "version": "4.0.0",
      "resolved": "https://registry.npm.taobao.org/has-flag/download/has-flag-4.0.0.tgz",
      "integrity": "sha1-lEdx/ZyByBJlxNaUGGDaBrtZR5s="
    },
    "jest-diff": {
      "version": "25.1.0",
      "resolved": "https://registry.npm.taobao.org/jest-diff/download/jest-diff-25.1.0.tgz?cache=0&sync_timestamp=1579655023353&other_urls=https%3A%2F%2Fregistry.npm.taobao.org%2Fjest-diff%2Fdownload%2Fjest-diff-25.1.0.tgz",
      "integrity": "sha1-WLgn5j7eobyAwd6VK4DOyaxQ4a0=",
      "requires": {
        "chalk": "^3.0.0",
        "diff-sequences": "^25.1.0",
        "jest-get-type": "^25.1.0",
        "pretty-format": "^25.1.0"
      }
    },
    "jest-get-type": {
      "version": "25.1.0",
      "resolved": "https://registry.npm.taobao.org/jest-get-type/download/jest-get-type-25.1.0.tgz?cache=0&sync_timestamp=1579655144842&other_urls=https%3A%2F%2Fregistry.npm.taobao.org%2Fjest-get-type%2Fdownload%2Fjest-get-type-25.1.0.tgz",
      "integrity": "sha1-HP5fw08UjcOoo7cnX2uc6eLoqHY="
    },
    "pretty-format": {
      "version": "25.1.0",
      "resolved": "https://registry.npm.taobao.org/pretty-format/download/pretty-format-25.1.0.tgz?cache=0&sync_timestamp=1579655022191&other_urls=https%3A%2F%2Fregistry.npm.taobao.org%2Fpretty-format%2Fdownload%2Fpretty-format-25.1.0.tgz",
      "integrity": "sha1-7Yab2uwTVvxa5F3gReLI7HsHsMg=",
      "requires": {
        "@jest/types": "^25.1.0",
        "ansi-regex": "^5.0.0",
        "ansi-styles": "^4.0.0",
        "react-is": "^16.12.0"
      }
    },
    "react-is": {
      "version": "16.12.0",
      "resolved": "https://registry.npm.taobao.org/react-is/download/react-is-16.12.0.tgz?cache=0&other_urls=https%3A%2F%2Fregistry.npm.taobao.org%2Freact-is%2Fdownload%2Freact-is-16.12.0.tgz",
      "integrity": "sha1-LMD+D7p0LZf9UnxCoTvsTusGJBw="
    },
    "supports-color": {
      "version": "7.1.0",
      "resolved": "https://registry.npm.taobao.org/supports-color/download/supports-color-7.1.0.tgz?cache=0&other_urls=https%3A%2F%2Fregistry.npm.taobao.org%2Fsupports-color%2Fdownload%2Fsupports-color-7.1.0.tgz",
      "integrity": "sha1-aOMlkd9z4lrRxLSRCKLsUHliv9E=",
      "requires": {
        "has-flag": "^4.0.0"
      }
    },
    "typescript": {
      "version": "3.7.5",
      "resolved": "https://registry.npm.taobao.org/typescript/download/typescript-3.7.5.tgz?cache=0&sync_timestamp=1580368407367&other_urls=https%3A%2F%2Fregistry.npm.taobao.org%2Ftypescript%2Fdownload%2Ftypescript-3.7.5.tgz",
      "integrity": "sha1-BpLiH2X9QQi5MwI4qsEd0uF3oa4="
    }
  }
}
