PODS:
  - ActionSheetPicker-3.0 (1.3.12)
  - Alamofire (5.5.0)
  - ASIHTTPRequest (1.8.2):
    - ASIHTTPRequest/ASIWebPageRequest (= 1.8.2)
    - ASIHTTPRequest/CloudFiles (= 1.8.2)
    - ASIHTTPRequest/Core (= 1.8.2)
    - ASIHTTPRequest/S3 (= 1.8.2)
  - ASIHTTPRequest/ASIWebPageRequest (1.8.2):
    - ASIHTTPRequest/Core
  - ASIHTTPRequest/CloudFiles (1.8.2):
    - ASIHTTPRequest/Core
  - ASIHTTPRequest/Core (1.8.2):
    - Reachability
  - ASIHTTPRequest/S3 (1.8.2):
    - ASIHTTPRequest/Core
  - JPVideoPlayer (3.1.1)
  - Loaf (0.7.0)
  - MMKV (1.2.12):
    - MMKVCore (~> 1.2.12)
  - MMKVCore (1.2.12)
  - Reachability (3.2)
  - ReactiveCocoa (12.0.0):
    - ReactiveSwift (~> 7.0)
  - ReactiveSwift (7.0.0)
  - TOWebViewController (2.2.8):
    - TOWebViewController/Core (= 2.2.8)
  - TOWebViewController/Core (2.2.8)
  - WKVerticalScrollBar (0.3.3)

DEPENDENCIES:
  - ActionSheetPicker-3.0 (~> 1.3.10)
  - Alamofire (~> 5.2)
  - ASIHTTPRequest
  - JPVideoPlayer
  - Loaf
  - MMKV
  - ReactiveCocoa
  - TOWebViewController (= 2.2.8)
  - WKVerticalScrollBar

SPEC REPOS:
  https://github.com/CocoaPods/Specs.git:
    - ActionSheetPicker-3.0
    - Alamofire
    - ASIHTTPRequest
    - JPVideoPlayer
    - Loaf
    - MMKV
    - MMKVCore
    - Reachability
    - ReactiveCocoa
    - ReactiveSwift
    - TOWebViewController
    - WKVerticalScrollBar

SPEC CHECKSUMS:
  ActionSheetPicker-3.0: 9fd0713777fad3a3f3b89ea58c75d59ccdef28f4
  Alamofire: 1c4fb5369c3fe93d2857c780d8bbe09f06f97e7c
  ASIHTTPRequest: ec013992946676b7978dcbde6396d57312d21db4
  JPVideoPlayer: 234c2fc5c9dfd67b969a5dd8233815eb872472c6
  Loaf: d69937cd00649f3fa260beb8b7aef0a1feb861ef
  MMKV: f281020c9d9be5eb7a03ae746dc4deb570e46c23
  MMKVCore: df0565f6b58463604731a68ba6cd89bc0b2d1d55
  Reachability: 33e18b67625424e47b6cde6d202dce689ad7af96
  ReactiveCocoa: 5d10386f0ce09f922006efbf784881c5fade27c5
  ReactiveSwift: 48c4b9d3b497e8dd20b10300bb1a28ff93550f13
  TOWebViewController: 953a24619d32f7aa1d9d4098a74885a9236f7348
  WKVerticalScrollBar: 555c3473ada57433e7d891ba73d1fc9de8ab848f

PODFILE CHECKSUM: 71646a0f2d7a72421cd1140af9d052ac9792b4de

COCOAPODS: 1.11.3
