PODS:
  - ActionSheetPicker-3.0 (1.3.12)
  - Alamofire (5.6.2)
  - ASIHTTPRequest (1.8.2):
    - ASIHTTPRequest/ASIWebPageRequest (= 1.8.2)
    - ASIHTTPRequest/CloudFiles (= 1.8.2)
    - ASIHTTPRequest/Core (= 1.8.2)
    - ASIHTTPRequest/S3 (= 1.8.2)
  - ASIHTTPRequest/ASIWebPageRequest (1.8.2):
    - ASIHTTPRequest/Core
  - ASIHTTPRequest/CloudFiles (1.8.2):
    - ASIHTTPRequest/Core
  - ASIHTTPRequest/Core (1.8.2):
    - Reachability
  - ASIHTTPRequest/S3 (1.8.2):
    - ASIHTTPRequest/Core
  - JPVideoPlayer (3.1.1)
  - Loaf (0.7.0)
  - MMKV (1.2.14):
    - MMKVCore (~> 1.2.14)
  - MMKVCore (1.2.14)
  - Reachability (3.2)
  - ReactiveObjC (2.1.2)
  - TOWebViewController (2.2.8):
    - TOWebViewController/Core (= 2.2.8)
  - TOWebViewController/Core (2.2.8)
  - WKVerticalScrollBar (0.3.3)

DEPENDENCIES:
  - ActionSheetPicker-3.0 (~> 1.3.10)
  - Alamofire (~> 5.2)
  - ASIHTTPRequest
  - JPVideoPlayer
  - Loaf
  - MMKV
  - ReactiveObjC (~> 2.1.2)
  - TOWebViewController (= 2.2.8)
  - WKVerticalScrollBar

SPEC REPOS:
  https://github.com/CocoaPods/Specs.git:
    - ActionSheetPicker-3.0
    - Alamofire
    - ASIHTTPRequest
    - JPVideoPlayer
    - Loaf
    - MMKV
    - MMKVCore
    - Reachability
    - ReactiveObjC
    - TOWebViewController
    - WKVerticalScrollBar

SPEC CHECKSUMS:
  ActionSheetPicker-3.0: 9fd0713777fad3a3f3b89ea58c75d59ccdef28f4
  Alamofire: d368e1ff8a298e6dde360e35a3e68e6c610e7204
  ASIHTTPRequest: ec013992946676b7978dcbde6396d57312d21db4
  JPVideoPlayer: 234c2fc5c9dfd67b969a5dd8233815eb872472c6
  Loaf: d69937cd00649f3fa260beb8b7aef0a1feb861ef
  MMKV: 9c4663aa7ca255d478ff10f2f5cb7d17c1651ccd
  MMKVCore: 89f5c8a66bba2dcd551779dea4d412eeec8ff5bb
  Reachability: 33e18b67625424e47b6cde6d202dce689ad7af96
  ReactiveObjC: 7b6782ae39f9ac0f57205c3b0c0b69b9dd7048c0
  TOWebViewController: 953a24619d32f7aa1d9d4098a74885a9236f7348
  WKVerticalScrollBar: 555c3473ada57433e7d891ba73d1fc9de8ab848f

PODFILE CHECKSUM: 7ace335ccbb3183d4a804d618e764ca68965570e

COCOAPODS: 1.11.3
