# THIS IS AN AUTOGENERATED FILE. DO NOT EDIT THIS FILE DIRECTLY.
# yarn lockfile v1


"@babel/helper-annotate-as-pure@^7.8.3":
  version "7.8.3"
  resolved "https://registry.npm.taobao.org/@babel/helper-annotate-as-pure/download/@babel/helper-annotate-as-pure-7.8.3.tgz#60bc0bc657f63a0924ff9a4b4a0b24a13cf4deee"
  integrity sha1-YLwLxlf2Ogkk/5pLSgskoTz03u4=
  dependencies:
    "@babel/types" "^7.8.3"

"@babel/helper-builder-react-jsx-experimental@^7.9.0":
  version "7.9.5"
  resolved "https://registry.npm.taobao.org/@babel/helper-builder-react-jsx-experimental/download/@babel/helper-builder-react-jsx-experimental-7.9.5.tgz#0b4b3e04e6123f03b404ca4dfd6528fe6bb92fe3"
  integrity sha1-C0s+BOYSPwO0BMpN/WUo/mu5L+M=
  dependencies:
    "@babel/helper-annotate-as-pure" "^7.8.3"
    "@babel/helper-module-imports" "^7.8.3"
    "@babel/types" "^7.9.5"

"@babel/helper-builder-react-jsx@^7.9.0":
  version "7.9.0"
  resolved "https://registry.npm.taobao.org/@babel/helper-builder-react-jsx/download/@babel/helper-builder-react-jsx-7.9.0.tgz#16bf391990b57732700a3278d4d9a81231ea8d32"
  integrity sha1-Fr85GZC1dzJwCjJ41NmoEjHqjTI=
  dependencies:
    "@babel/helper-annotate-as-pure" "^7.8.3"
    "@babel/types" "^7.9.0"

"@babel/helper-module-imports@^7.8.3":
  version "7.8.3"
  resolved "https://registry.npm.taobao.org/@babel/helper-module-imports/download/@babel/helper-module-imports-7.8.3.tgz#7fe39589b39c016331b6b8c3f441e8f0b1419498"
  integrity sha1-f+OVibOcAWMxtrjD9EHo8LFBlJg=
  dependencies:
    "@babel/types" "^7.8.3"

"@babel/helper-plugin-utils@^7.8.0", "@babel/helper-plugin-utils@^7.8.3":
  version "7.8.3"
  resolved "https://registry.npm.taobao.org/@babel/helper-plugin-utils/download/@babel/helper-plugin-utils-7.8.3.tgz#9ea293be19babc0f52ff8ca88b34c3611b208670"
  integrity sha1-nqKTvhm6vA9S/4yoizTDYRsghnA=

"@babel/helper-validator-identifier@^7.9.5":
  version "7.9.5"
  resolved "https://registry.npm.taobao.org/@babel/helper-validator-identifier/download/@babel/helper-validator-identifier-7.9.5.tgz#90977a8e6fbf6b431a7dc31752eee233bf052d80"
  integrity sha1-kJd6jm+/a0MafcMXUu7iM78FLYA=

"@babel/plugin-syntax-dynamic-import@^7.8.3":
  version "7.8.3"
  resolved "https://registry.npm.taobao.org/@babel/plugin-syntax-dynamic-import/download/@babel/plugin-syntax-dynamic-import-7.8.3.tgz#62bf98b2da3cd21d626154fc96ee5b3cb68eacb3"
  integrity sha1-Yr+Ysto80h1iYVT8lu5bPLaOrLM=
  dependencies:
    "@babel/helper-plugin-utils" "^7.8.0"

"@babel/plugin-syntax-jsx@^7.8.3":
  version "7.8.3"
  resolved "https://registry.npm.taobao.org/@babel/plugin-syntax-jsx/download/@babel/plugin-syntax-jsx-7.8.3.tgz#521b06c83c40480f1e58b4fd33b92eceb1d6ea94"
  integrity sha1-UhsGyDxASA8eWLT9M7kuzrHW6pQ=
  dependencies:
    "@babel/helper-plugin-utils" "^7.8.3"

"@babel/plugin-transform-react-display-name@^7.8.3":
  version "7.8.3"
  resolved "https://registry.npm.taobao.org/@babel/plugin-transform-react-display-name/download/@babel/plugin-transform-react-display-name-7.8.3.tgz#70ded987c91609f78353dd76d2fb2a0bb991e8e5"
  integrity sha1-cN7Zh8kWCfeDU9120vsqC7mR6OU=
  dependencies:
    "@babel/helper-plugin-utils" "^7.8.3"

"@babel/plugin-transform-react-jsx-development@^7.9.0":
  version "7.9.0"
  resolved "https://registry.npm.taobao.org/@babel/plugin-transform-react-jsx-development/download/@babel/plugin-transform-react-jsx-development-7.9.0.tgz#3c2a130727caf00c2a293f0aed24520825dbf754"
  integrity sha1-PCoTByfK8AwqKT8K7SRSCCXb91Q=
  dependencies:
    "@babel/helper-builder-react-jsx-experimental" "^7.9.0"
    "@babel/helper-plugin-utils" "^7.8.3"
    "@babel/plugin-syntax-jsx" "^7.8.3"

"@babel/plugin-transform-react-jsx-self@^7.9.0":
  version "7.9.0"
  resolved "https://registry.npm.taobao.org/@babel/plugin-transform-react-jsx-self/download/@babel/plugin-transform-react-jsx-self-7.9.0.tgz#f4f26a325820205239bb915bad8e06fcadabb49b"
  integrity sha1-9PJqMlggIFI5u5FbrY4G/K2rtJs=
  dependencies:
    "@babel/helper-plugin-utils" "^7.8.3"
    "@babel/plugin-syntax-jsx" "^7.8.3"

"@babel/plugin-transform-react-jsx-source@^7.9.0":
  version "7.9.0"
  resolved "https://registry.npm.taobao.org/@babel/plugin-transform-react-jsx-source/download/@babel/plugin-transform-react-jsx-source-7.9.0.tgz#89ef93025240dd5d17d3122294a093e5e0183de0"
  integrity sha1-ie+TAlJA3V0X0xIilKCT5eAYPeA=
  dependencies:
    "@babel/helper-plugin-utils" "^7.8.3"
    "@babel/plugin-syntax-jsx" "^7.8.3"

"@babel/plugin-transform-react-jsx@^7.9.4":
  version "7.9.4"
  resolved "https://registry.npm.taobao.org/@babel/plugin-transform-react-jsx/download/@babel/plugin-transform-react-jsx-7.9.4.tgz#86f576c8540bd06d0e95e0b61ea76d55f6cbd03f"
  integrity sha1-hvV2yFQL0G0OleC2HqdtVfbL0D8=
  dependencies:
    "@babel/helper-builder-react-jsx" "^7.9.0"
    "@babel/helper-builder-react-jsx-experimental" "^7.9.0"
    "@babel/helper-plugin-utils" "^7.8.3"
    "@babel/plugin-syntax-jsx" "^7.8.3"

"@babel/preset-react@^7.9.4":
  version "7.9.4"
  resolved "https://registry.npm.taobao.org/@babel/preset-react/download/@babel/preset-react-7.9.4.tgz#c6c97693ac65b6b9c0b4f25b948a8f665463014d"
  integrity sha1-xsl2k6xltrnAtPJblIqPZlRjAU0=
  dependencies:
    "@babel/helper-plugin-utils" "^7.8.3"
    "@babel/plugin-transform-react-display-name" "^7.8.3"
    "@babel/plugin-transform-react-jsx" "^7.9.4"
    "@babel/plugin-transform-react-jsx-development" "^7.9.0"
    "@babel/plugin-transform-react-jsx-self" "^7.9.0"
    "@babel/plugin-transform-react-jsx-source" "^7.9.0"

"@babel/runtime@^7.1.2", "@babel/runtime@^7.4.0":
  version "7.9.6"
  resolved "https://registry.npm.taobao.org/@babel/runtime/download/@babel/runtime-7.9.6.tgz?cache=0&sync_timestamp=1588185696009&other_urls=https%3A%2F%2Fregistry.npm.taobao.org%2F%40babel%2Fruntime%2Fdownload%2F%40babel%2Fruntime-7.9.6.tgz#a9102eb5cadedf3f31d08a9ecf294af7827ea29f"
  integrity sha1-qRAutcre3z8x0IqezylK94J+op8=
  dependencies:
    regenerator-runtime "^0.13.4"

"@babel/types@^7.8.3", "@babel/types@^7.9.0", "@babel/types@^7.9.5":
  version "7.9.6"
  resolved "https://registry.npm.taobao.org/@babel/types/download/@babel/types-7.9.6.tgz?cache=0&sync_timestamp=1588185770735&other_urls=https%3A%2F%2Fregistry.npm.taobao.org%2F%40babel%2Ftypes%2Fdownload%2F%40babel%2Ftypes-7.9.6.tgz#2c5502b427251e9de1bd2dff95add646d95cc9f7"
  integrity sha1-LFUCtCclHp3hvS3/la3WRtlcyfc=
  dependencies:
    "@babel/helper-validator-identifier" "^7.9.5"
    lodash "^4.17.13"
    to-fast-properties "^2.0.0"

gud@^1.0.0:
  version "1.0.0"
  resolved "https://registry.npm.taobao.org/gud/download/gud-1.0.0.tgz#a489581b17e6a70beca9abe3ae57de7a499852c0"
  integrity sha1-pIlYGxfmpwvsqavjrlfeekmYUsA=

history@^4.9.0:
  version "4.10.1"
  resolved "https://registry.npm.taobao.org/history/download/history-4.10.1.tgz?cache=0&other_urls=https%3A%2F%2Fregistry.npm.taobao.org%2Fhistory%2Fdownload%2Fhistory-4.10.1.tgz#33371a65e3a83b267434e2b3f3b1b4c58aad4cf3"
  integrity sha1-MzcaZeOoOyZ0NOKz87G0xYqtTPM=
  dependencies:
    "@babel/runtime" "^7.1.2"
    loose-envify "^1.2.0"
    resolve-pathname "^3.0.0"
    tiny-invariant "^1.0.2"
    tiny-warning "^1.0.0"
    value-equal "^1.0.1"

hoist-non-react-statics@^3.1.0:
  version "3.3.2"
  resolved "https://registry.npm.taobao.org/hoist-non-react-statics/download/hoist-non-react-statics-3.3.2.tgz#ece0acaf71d62c2969c2ec59feff42a4b1a85b45"
  integrity sha1-7OCsr3HWLClpwuxZ/v9CpLGoW0U=
  dependencies:
    react-is "^16.7.0"

isarray@0.0.1:
  version "0.0.1"
  resolved "https://registry.npm.taobao.org/isarray/download/isarray-0.0.1.tgz#8a18acfca9a8f4177e09abfc6038939b05d1eedf"
  integrity sha1-ihis/Kmo9Bd+Cav8YDiTmwXR7t8=

"js-tokens@^3.0.0 || ^4.0.0":
  version "4.0.0"
  resolved "https://registry.npm.taobao.org/js-tokens/download/js-tokens-4.0.0.tgz?cache=0&sync_timestamp=1586796432028&other_urls=https%3A%2F%2Fregistry.npm.taobao.org%2Fjs-tokens%2Fdownload%2Fjs-tokens-4.0.0.tgz#19203fb59991df98e3a287050d4647cdeaf32499"
  integrity sha1-GSA/tZmR35jjoocFDUZHzerzJJk=

lodash@^4.17.13:
  version "4.17.15"
  resolved "https://registry.npm.taobao.org/lodash/download/lodash-4.17.15.tgz#b447f6670a0455bbfeedd11392eff330ea097548"
  integrity sha1-tEf2ZwoEVbv+7dETku/zMOoJdUg=

loose-envify@^1.2.0, loose-envify@^1.3.1, loose-envify@^1.4.0:
  version "1.4.0"
  resolved "https://registry.npm.taobao.org/loose-envify/download/loose-envify-1.4.0.tgz#71ee51fa7be4caec1a63839f7e682d8132d30caf"
  integrity sha1-ce5R+nvkyuwaY4OffmgtgTLTDK8=
  dependencies:
    js-tokens "^3.0.0 || ^4.0.0"

mini-create-react-context@^0.3.0:
  version "0.3.2"
  resolved "https://registry.npm.taobao.org/mini-create-react-context/download/mini-create-react-context-0.3.2.tgz#79fc598f283dd623da8e088b05db8cddab250189"
  integrity sha1-efxZjyg91iPajgiLBduM3aslAYk=
  dependencies:
    "@babel/runtime" "^7.4.0"
    gud "^1.0.0"
    tiny-warning "^1.0.2"

object-assign@^4.1.1:
  version "4.1.1"
  resolved "https://registry.npm.taobao.org/object-assign/download/object-assign-4.1.1.tgz?cache=0&sync_timestamp=1587903560642&other_urls=https%3A%2F%2Fregistry.npm.taobao.org%2Fobject-assign%2Fdownload%2Fobject-assign-4.1.1.tgz#2109adc7965887cfc05cbbd442cac8bfbb360863"
  integrity sha1-IQmtx5ZYh8/AXLvUQsrIv7s2CGM=

path-to-regexp@^1.7.0:
  version "1.8.0"
  resolved "https://registry.npm.taobao.org/path-to-regexp/download/path-to-regexp-1.8.0.tgz#887b3ba9d84393e87a0a0b9f4cb756198b53548a"
  integrity sha1-iHs7qdhDk+h6CgufTLdWGYtTVIo=
  dependencies:
    isarray "0.0.1"

prop-types@^15.6.2:
  version "15.7.2"
  resolved "https://registry.npm.taobao.org/prop-types/download/prop-types-15.7.2.tgz#52c41e75b8c87e72b9d9360e0206b99dcbffa6c5"
  integrity sha1-UsQedbjIfnK52TYOAga5ncv/psU=
  dependencies:
    loose-envify "^1.4.0"
    object-assign "^4.1.1"
    react-is "^16.8.1"

react-is@^16.6.0, react-is@^16.7.0, react-is@^16.8.1:
  version "16.13.1"
  resolved "https://registry.npm.taobao.org/react-is/download/react-is-16.13.1.tgz?cache=0&sync_timestamp=1586484609601&other_urls=https%3A%2F%2Fregistry.npm.taobao.org%2Freact-is%2Fdownload%2Freact-is-16.13.1.tgz#789729a4dc36de2999dc156dd6c1d9c18cea56a4"
  integrity sha1-eJcppNw23imZ3BVt1sHZwYzqVqQ=

react-router-dom@^5.1.2:
  version "5.1.2"
  resolved "https://registry.npm.taobao.org/react-router-dom/download/react-router-dom-5.1.2.tgz?cache=0&sync_timestamp=1588637436610&other_urls=https%3A%2F%2Fregistry.npm.taobao.org%2Freact-router-dom%2Fdownload%2Freact-router-dom-5.1.2.tgz#06701b834352f44d37fbb6311f870f84c76b9c18"
  integrity sha1-BnAbg0NS9E03+7YxH4cPhMdrnBg=
  dependencies:
    "@babel/runtime" "^7.1.2"
    history "^4.9.0"
    loose-envify "^1.3.1"
    prop-types "^15.6.2"
    react-router "5.1.2"
    tiny-invariant "^1.0.2"
    tiny-warning "^1.0.0"

react-router@5.1.2:
  version "5.1.2"
  resolved "https://registry.npm.taobao.org/react-router/download/react-router-5.1.2.tgz?cache=0&other_urls=https%3A%2F%2Fregistry.npm.taobao.org%2Freact-router%2Fdownload%2Freact-router-5.1.2.tgz#6ea51d789cb36a6be1ba5f7c0d48dd9e817d3418"
  integrity sha1-bqUdeJyzamvhul98DUjdnoF9NBg=
  dependencies:
    "@babel/runtime" "^7.1.2"
    history "^4.9.0"
    hoist-non-react-statics "^3.1.0"
    loose-envify "^1.3.1"
    mini-create-react-context "^0.3.0"
    path-to-regexp "^1.7.0"
    prop-types "^15.6.2"
    react-is "^16.6.0"
    tiny-invariant "^1.0.2"
    tiny-warning "^1.0.0"

regenerator-runtime@^0.13.4:
  version "0.13.5"
  resolved "https://registry.npm.taobao.org/regenerator-runtime/download/regenerator-runtime-0.13.5.tgz#d878a1d094b4306d10b9096484b33ebd55e26697"
  integrity sha1-2Hih0JS0MG0QuQlkhLM+vVXiZpc=

reselect@^4.0.0:
  version "4.0.0"
  resolved "https://registry.yarnpkg.com/reselect/-/reselect-4.0.0.tgz#f2529830e5d3d0e021408b246a206ef4ea4437f7"
  integrity sha512-qUgANli03jjAyGlnbYVAV5vvnOmJnODyABz51RdBN7M4WaVu8mecZWgyQNkG8Yqe3KRGRt0l4K4B3XVEULC4CA==

resolve-pathname@^3.0.0:
  version "3.0.0"
  resolved "https://registry.npm.taobao.org/resolve-pathname/download/resolve-pathname-3.0.0.tgz#99d02224d3cf263689becbb393bc560313025dcd"
  integrity sha1-mdAiJNPPJjaJvsuzk7xWAxMCXc0=

tiny-invariant@^1.0.2:
  version "1.1.0"
  resolved "https://registry.npm.taobao.org/tiny-invariant/download/tiny-invariant-1.1.0.tgz#634c5f8efdc27714b7f386c35e6760991d230875"
  integrity sha1-Y0xfjv3CdxS384bDXmdgmR0jCHU=

tiny-warning@^1.0.0, tiny-warning@^1.0.2:
  version "1.0.3"
  resolved "https://registry.npm.taobao.org/tiny-warning/download/tiny-warning-1.0.3.tgz#94a30db453df4c643d0fd566060d60a875d84754"
  integrity sha1-lKMNtFPfTGQ9D9VmBg1gqHXYR1Q=

to-fast-properties@^2.0.0:
  version "2.0.0"
  resolved "https://registry.npm.taobao.org/to-fast-properties/download/to-fast-properties-2.0.0.tgz#dc5e698cbd079265bc73e0377681a4e4e83f616e"
  integrity sha1-3F5pjL0HkmW8c+A3doGk5Og/YW4=

value-equal@^1.0.1:
  version "1.0.1"
  resolved "https://registry.npm.taobao.org/value-equal/download/value-equal-1.0.1.tgz#1e0b794c734c5c0cade179c437d356d931a34d6c"
  integrity sha1-Hgt5THNMXAyt4XnEN9NW2TGjTWw=
